{
  "name": "wavejs-vanilla-test",
  "lockfileVersion": 3,
  "requires": true,
  "packages": {
    "": {
      "name": "wavejs-vanilla-test",
      "dependencies": {
        "@redesigner/wave.js": "^1.0.0"
      }
    },
    "node_modules/@redesigner/wave.js": {
      "version": "1.0.0",
      "resolved": "https://registry.npmjs.org/@redesigner/wave.js/-/wave.js-1.0.0.tgz",
      "integrity": "sha512-5H27PLOsRYsq2ItMP/Es6jvu3pZ6UJYRVVTqhNdiM8bjvXOXMJj9cfBHfKXuyr4sGjkNCwwwkBDCTLWu7bvMow==",
      "license": "MIT",
      "peerDependencies": {
        "react": ">=17.0.0",
        "react-dom": ">=17.0.0"
      },
      "peerDependenciesMeta": {
        "react": {
          "optional": true
        },
        "react-dom": {
          "optional": true
        }
      }
    }
  }
}
