{
  "name": "wavejs-vanilla-test",
  "lockfileVersion": 3,
  "requires": true,
  "packages": {
    "": {
      "name": "wavejs-vanilla-test",
      "dependencies": {
        "@redesigner/wave.js": "^1.0.0"
      }
    },
    "node_modules/@redesigner/wave.js": {
      "version": "1.0.1",
      "resolved": "https://registry.npmjs.org/@redesigner/wave.js/-/wave.js-1.0.1.tgz",
      "integrity": "sha512-wDJl1Oj+K5XkPde9bI1vWCCOe1toqSXoCa9wbBI8EdXoJ59eTuTRGEc+C1NuRhYT1gX2efUtBmxPrYAqJFLgzQ==",
      "license": "MIT",
      "peerDependencies": {
        "react": ">=17.0.0",
        "react-dom": ">=17.0.0"
      },
      "peerDependenciesMeta": {
        "react": {
          "optional": true
        },
        "react-dom": {
          "optional": true
        }
      }
    }
  }
}
